// !$*UTF8*$!
{
	archiveVersion = 1;
	classes = {
	};
	objectVersion = 56;
	objects = {

/* Begin PBXBuildFile section */
		3104A2592A86B4DC00F5D12D /* AppDelegate.swift in Sources */ = {isa = PBXBuildFile; fileRef = 3104A2582A86B4DC00F5D12D /* AppDelegate.swift */; };
		3104A25B2A86B4DC00F5D12D /* SceneDelegate.swift in Sources */ = {isa = PBXBuildFile; fileRef = 3104A25A2A86B4DC00F5D12D /* SceneDelegate.swift */; };
		3104A25D2A86B4DC00F5D12D /* ViewController.swift in Sources */ = {isa = PBXBuildFile; fileRef = 3104A25C2A86B4DC00F5D12D /* ViewController.swift */; };
		3104A2602A86B4DC00F5D12D /* Main.storyboard in Resources */ = {isa = PBXBuildFile; fileRef = 3104A25E2A86B4DC00F5D12D /* Main.storyboard */; };
		3104A2622A86B4DD00F5D12D /* Assets.xcassets in Resources */ = {isa = PBXBuildFile; fileRef = 3104A2612A86B4DD00F5D12D /* Assets.xcassets */; };
		3104A2652A86B4DD00F5D12D /* LaunchScreen.storyboard in Resources */ = {isa = PBXBuildFile; fileRef = 3104A2632A86B4DD00F5D12D /* LaunchScreen.storyboard */; };
		3104A2702A86B4DD00F5D12D /* Assignment4Tests.swift in Sources */ = {isa = PBXBuildFile; fileRef = 3104A26F2A86B4DD00F5D12D /* Assignment4Tests.swift */; };
		3104A27A2A86B4DD00F5D12D /* Assignment4UITests.swift in Sources */ = {isa = PBXBuildFile; fileRef = 3104A2792A86B4DD00F5D12D /* Assignment4UITests.swift */; };
		3104A27C2A86B4DD00F5D12D /* Assignment4UITestsLaunchTests.swift in Sources */ = {isa = PBXBuildFile; fileRef = 3104A27B2A86B4DD00F5D12D /* Assignment4UITestsLaunchTests.swift */; };
		3104A2892A86C22800F5D12D /* CalendarCell.swift in Sources */ = {isa = PBXBuildFile; fileRef = 3104A2882A86C22800F5D12D /* CalendarCell.swift */; };
		3104A28B2A86C47200F5D12D /* CalendarHelper.swift in Sources */ = {isa = PBXBuildFile; fileRef = 3104A28A2A86C47200F5D12D /* CalendarHelper.swift */; };
		31A4EAE52A894A75002B1F56 /* WeeklyViewController.swift in Sources */ = {isa = PBXBuildFile; fileRef = 31A4EAE42A894A75002B1F56 /* WeeklyViewController.swift */; };
		31A4EAE72A894B70002B1F56 /* EventEditViewController.swift in Sources */ = {isa = PBXBuildFile; fileRef = 31A4EAE62A894B70002B1F56 /* EventEditViewController.swift */; };
		31A4EAE92A894BED002B1F56 /* Event.swift in Sources */ = {isa = PBXBuildFile; fileRef = 31A4EAE82A894BED002B1F56 /* Event.swift */; };
		31A4EAEB2A894DBA002B1F56 /* EventCell.swift in Sources */ = {isa = PBXBuildFile; fileRef = 31A4EAEA2A894DBA002B1F56 /* EventCell.swift */; };
/* End PBXBuildFile section */

/* Begin PBXContainerItemProxy section */
		3104A26C2A86B4DD00F5D12D /* PBXContainerItemProxy */ = {
			isa = PBXContainerItemProxy;
			containerPortal = 3104A24D2A86B4DC00F5D12D /* Project object */;
			proxyType = 1;
			remoteGlobalIDString = 3104A2542A86B4DC00F5D12D;
			remoteInfo = Assignment4;
		};
		3104A2762A86B4DD00F5D12D /* PBXContainerItemProxy */ = {
			isa = PBXContainerItemProxy;
			containerPortal = 3104A24D2A86B4DC00F5D12D /* Project object */;
			proxyType = 1;
			remoteGlobalIDString = 3104A2542A86B4DC00F5D12D;
			remoteInfo = Assignment4;
		};
/* End PBXContainerItemProxy section */

/* Begin PBXFileReference section */
		3104A2552A86B4DC00F5D12D /* Assignment4.app */ = {isa = PBXFileReference; explicitFileType = wrapper.application; includeInIndex = 0; path = Assignment4.app; sourceTree = BUILT_PRODUCTS_DIR; };
		3104A2582A86B4DC00F5D12D /* AppDelegate.swift */ = {isa = PBXFileReference; lastKnownFileType = sourcecode.swift; path = AppDelegate.swift; sourceTree = "<group>"; };
		3104A25A2A86B4DC00F5D12D /* SceneDelegate.swift */ = {isa = PBXFileReference; lastKnownFileType = sourcecode.swift; path = SceneDelegate.swift; sourceTree = "<group>"; };
		3104A25C2A86B4DC00F5D12D /* ViewController.swift */ = {isa = PBXFileReference; lastKnownFileType = sourcecode.swift; path = ViewController.swift; sourceTree = "<group>"; };
		3104A25F2A86B4DC00F5D12D /* Base */ = {isa = PBXFileReference; lastKnownFileType = file.storyboard; name = Base; path = Base.lproj/Main.storyboard; sourceTree = "<group>"; };
		3104A2612A86B4DD00F5D12D /* Assets.xcassets */ = {isa = PBXFileReference; lastKnownFileType = folder.assetcatalog; path = Assets.xcassets; sourceTree = "<group>"; };
		3104A2642A86B4DD00F5D12D /* Base */ = {isa = PBXFileReference; lastKnownFileType = file.storyboard; name = Base; path = Base.lproj/LaunchScreen.storyboard; sourceTree = "<group>"; };
		3104A2662A86B4DD00F5D12D /* Info.plist */ = {isa = PBXFileReference; lastKnownFileType = text.plist.xml; path = Info.plist; sourceTree = "<group>"; };
		3104A26B2A86B4DD00F5D12D /* Assignment4Tests.xctest */ = {isa = PBXFileReference; explicitFileType = wrapper.cfbundle; includeInIndex = 0; path = Assignment4Tests.xctest; sourceTree = BUILT_PRODUCTS_DIR; };
		3104A26F2A86B4DD00F5D12D /* Assignment4Tests.swift */ = {isa = PBXFileReference; lastKnownFileType = sourcecode.swift; path = Assignment4Tests.swift; sourceTree = "<group>"; };
		3104A2752A86B4DD00F5D12D /* Assignment4UITests.xctest */ = {isa = PBXFileReference; explicitFileType = wrapper.cfbundle; includeInIndex = 0; path = Assignment4UITests.xctest; sourceTree = BUILT_PRODUCTS_DIR; };
		3104A2792A86B4DD00F5D12D /* Assignment4UITests.swift */ = {isa = PBXFileReference; lastKnownFileType = sourcecode.swift; path = Assignment4UITests.swift; sourceTree = "<group>"; };
		3104A27B2A86B4DD00F5D12D /* Assignment4UITestsLaunchTests.swift */ = {isa = PBXFileReference; lastKnownFileType = sourcecode.swift; path = Assignment4UITestsLaunchTests.swift; sourceTree = "<group>"; };
		3104A2882A86C22800F5D12D /* CalendarCell.swift */ = {isa = PBXFileReference; lastKnownFileType = sourcecode.swift; path = CalendarCell.swift; sourceTree = "<group>"; };
		3104A28A2A86C47200F5D12D /* CalendarHelper.swift */ = {isa = PBXFileReference; lastKnownFileType = sourcecode.swift; path = CalendarHelper.swift; sourceTree = "<group>"; };
		31A4EAE42A894A75002B1F56 /* WeeklyViewController.swift */ = {isa = PBXFileReference; lastKnownFileType = sourcecode.swift; path = WeeklyViewController.swift; sourceTree = "<group>"; };
		31A4EAE62A894B70002B1F56 /* EventEditViewController.swift */ = {isa = PBXFileReference; lastKnownFileType = sourcecode.swift; path = EventEditViewController.swift; sourceTree = "<group>"; };
		31A4EAE82A894BED002B1F56 /* Event.swift */ = {isa = PBXFileReference; lastKnownFileType = sourcecode.swift; path = Event.swift; sourceTree = "<group>"; };
		31A4EAEA2A894DBA002B1F56 /* EventCell.swift */ = {isa = PBXFileReference; lastKnownFileType = sourcecode.swift; path = EventCell.swift; sourceTree = "<group>"; };
/* End PBXFileReference section */

/* Begin PBXFrameworksBuildPhase section */
		3104A2522A86B4DC00F5D12D /* Frameworks */ = {
			isa = PBXFrameworksBuildPhase;
			buildActionMask = 2147483647;
			files = (
			);
			runOnlyForDeploymentPostprocessing = 0;
		};
		3104A2682A86B4DD00F5D12D /* Frameworks */ = {
			isa = PBXFrameworksBuildPhase;
			buildActionMask = 2147483647;
			files = (
			);
			runOnlyForDeploymentPostprocessing = 0;
		};
		3104A2722A86B4DD00F5D12D /* Frameworks */ = {
			isa = PBXFrameworksBuildPhase;
			buildActionMask = 2147483647;
			files = (
			);
			runOnlyForDeploymentPostprocessing = 0;
		};
/* End PBXFrameworksBuildPhase section */

/* Begin PBXGroup section */
		3104A24C2A86B4DC00F5D12D = {
			isa = PBXGroup;
			children = (
				3104A2572A86B4DC00F5D12D /* Assignment4 */,
				3104A26E2A86B4DD00F5D12D /* Assignment4Tests */,
				3104A2782A86B4DD00F5D12D /* Assignment4UITests */,
				3104A2562A86B4DC00F5D12D /* Products */,
			);
			sourceTree = "<group>";
		};
		3104A2562A86B4DC00F5D12D /* Products */ = {
			isa = PBXGroup;
			children = (
				3104A2552A86B4DC00F5D12D /* Assignment4.app */,
				3104A26B2A86B4DD00F5D12D /* Assignment4Tests.xctest */,
				3104A2752A86B4DD00F5D12D /* Assignment4UITests.xctest */,
			);
			name = Products;
			sourceTree = "<group>";
		};
		3104A2572A86B4DC00F5D12D /* Assignment4 */ = {
			isa = PBXGroup;
			children = (
				3104A2582A86B4DC00F5D12D /* AppDelegate.swift */,
				3104A25A2A86B4DC00F5D12D /* SceneDelegate.swift */,
				3104A25C2A86B4DC00F5D12D /* ViewController.swift */,
				3104A25E2A86B4DC00F5D12D /* Main.storyboard */,
				3104A2882A86C22800F5D12D /* CalendarCell.swift */,
				3104A28A2A86C47200F5D12D /* CalendarHelper.swift */,
				3104A2612A86B4DD00F5D12D /* Assets.xcassets */,
				3104A2632A86B4DD00F5D12D /* LaunchScreen.storyboard */,
				3104A2662A86B4DD00F5D12D /* Info.plist */,
				31A4EAE42A894A75002B1F56 /* WeeklyViewController.swift */,
				31A4EAEA2A894DBA002B1F56 /* EventCell.swift */,
				31A4EAE62A894B70002B1F56 /* EventEditViewController.swift */,
				31A4EAE82A894BED002B1F56 /* Event.swift */,
			);
			path = Assignment4;
			sourceTree = "<group>";
		};
		3104A26E2A86B4DD00F5D12D /* Assignment4Tests */ = {
			isa = PBXGroup;
			children = (
				3104A26F2A86B4DD00F5D12D /* Assignment4Tests.swift */,
			);
			path = Assignment4Tests;
			sourceTree = "<group>";
		};
		3104A2782A86B4DD00F5D12D /* Assignment4UITests */ = {
			isa = PBXGroup;
			children = (
				3104A2792A86B4DD00F5D12D /* Assignment4UITests.swift */,
				3104A27B2A86B4DD00F5D12D /* Assignment4UITestsLaunchTests.swift */,
			);
			path = Assignment4UITests;
			sourceTree = "<group>";
		};
/* End PBXGroup section */

/* Begin PBXNativeTarget section */
		3104A2542A86B4DC00F5D12D /* Assignment4 */ = {
			isa = PBXNativeTarget;
			buildConfigurationList = 3104A27F2A86B4DD00F5D12D /* Build configuration list for PBXNativeTarget "Assignment4" */;
			buildPhases = (
				3104A2512A86B4DC00F5D12D /* Sources */,
				3104A2522A86B4DC00F5D12D /* Frameworks */,
				3104A2532A86B4DC00F5D12D /* Resources */,
			);
			buildRules = (
			);
			dependencies = (
			);
			name = Assignment4;
			productName = Assignment4;
			productReference = 3104A2552A86B4DC00F5D12D /* Assignment4.app */;
			productType = "com.apple.product-type.application";
		};
		3104A26A2A86B4DD00F5D12D /* Assignment4Tests */ = {
			isa = PBXNativeTarget;
			buildConfigurationList = 3104A2822A86B4DD00F5D12D /* Build configuration list for PBXNativeTarget "Assignment4Tests" */;
			buildPhases = (
				3104A2672A86B4DD00F5D12D /* Sources */,
				3104A2682A86B4DD00F5D12D /* Frameworks */,
				3104A2692A86B4DD00F5D12D /* Resources */,
			);
			buildRules = (
			);
			dependencies = (
				3104A26D2A86B4DD00F5D12D /* PBXTargetDependency */,
			);
			name = Assignment4Tests;
			productName = Assignment4Tests;
			productReference = 3104A26B2A86B4DD00F5D12D /* Assignment4Tests.xctest */;
			productType = "com.apple.product-type.bundle.unit-test";
		};
		3104A2742A86B4DD00F5D12D /* Assignment4UITests */ = {
			isa = PBXNativeTarget;
			buildConfigurationList = 3104A2852A86B4DD00F5D12D /* Build configuration list for PBXNativeTarget "Assignment4UITests" */;
			buildPhases = (
				3104A2712A86B4DD00F5D12D /* Sources */,
				3104A2722A86B4DD00F5D12D /* Frameworks */,
				3104A2732A86B4DD00F5D12D /* Resources */,
			);
			buildRules = (
			);
			dependencies = (
				3104A2772A86B4DD00F5D12D /* PBXTargetDependency */,
			);
			name = Assignment4UITests;
			productName = Assignment4UITests;
			productReference = 3104A2752A86B4DD00F5D12D /* Assignment4UITests.xctest */;
			productType = "com.apple.product-type.bundle.ui-testing";
		};
/* End PBXNativeTarget section */

/* Begin PBXProject section */
		3104A24D2A86B4DC00F5D12D /* Project object */ = {
			isa = PBXProject;
			attributes = {
				BuildIndependentTargetsInParallel = 1;
				LastSwiftUpdateCheck = 1420;
				LastUpgradeCheck = 1420;
				TargetAttributes = {
					3104A2542A86B4DC00F5D12D = {
						CreatedOnToolsVersion = 14.2;
					};
					3104A26A2A86B4DD00F5D12D = {
						CreatedOnToolsVersion = 14.2;
						TestTargetID = 3104A2542A86B4DC00F5D12D;
					};
					3104A2742A86B4DD00F5D12D = {
						CreatedOnToolsVersion = 14.2;
						TestTargetID = 3104A2542A86B4DC00F5D12D;
					};
				};
			};
			buildConfigurationList = 3104A2502A86B4DC00F5D12D /* Build configuration list for PBXProject "Assignment4" */;
			compatibilityVersion = "Xcode 14.0";
			developmentRegion = en;
			hasScannedForEncodings = 0;
			knownRegions = (
				en,
				Base,
			);
			mainGroup = 3104A24C2A86B4DC00F5D12D;
			productRefGroup = 3104A2562A86B4DC00F5D12D /* Products */;
			projectDirPath = "";
			projectRoot = "";
			targets = (
				3104A2542A86B4DC00F5D12D /* Assignment4 */,
				3104A26A2A86B4DD00F5D12D /* Assignment4Tests */,
				3104A2742A86B4DD00F5D12D /* Assignment4UITests */,
			);
		};
/* End PBXProject section */

/* Begin PBXResourcesBuildPhase section */
		3104A2532A86B4DC00F5D12D /* Resources */ = {
			isa = PBXResourcesBuildPhase;
			buildActionMask = 2147483647;
			files = (
				3104A2652A86B4DD00F5D12D /* LaunchScreen.storyboard in Resources */,
				3104A2622A86B4DD00F5D12D /* Assets.xcassets in Resources */,
				3104A2602A86B4DC00F5D12D /* Main.storyboard in Resources */,
			);
			runOnlyForDeploymentPostprocessing = 0;
		};
		3104A2692A86B4DD00F5D12D /* Resources */ = {
			isa = PBXResourcesBuildPhase;
			buildActionMask = 2147483647;
			files = (
			);
			runOnlyForDeploymentPostprocessing = 0;
		};
		3104A2732A86B4DD00F5D12D /* Resources */ = {
			isa = PBXResourcesBuildPhase;
			buildActionMask = 2147483647;
			files = (
			);
			runOnlyForDeploymentPostprocessing = 0;
		};
/* End PBXResourcesBuildPhase section */

/* Begin PBXSourcesBuildPhase section */
		3104A2512A86B4DC00F5D12D /* Sources */ = {
			isa = PBXSourcesBuildPhase;
			buildActionMask = 2147483647;
			files = (
				31A4EAE92A894BED002B1F56 /* Event.swift in Sources */,
				31A4EAEB2A894DBA002B1F56 /* EventCell.swift in Sources */,
				3104A28B2A86C47200F5D12D /* CalendarHelper.swift in Sources */,
				31A4EAE72A894B70002B1F56 /* EventEditViewController.swift in Sources */,
				3104A25D2A86B4DC00F5D12D /* ViewController.swift in Sources */,
				3104A2592A86B4DC00F5D12D /* AppDelegate.swift in Sources */,
				31A4EAE52A894A75002B1F56 /* WeeklyViewController.swift in Sources */,
				3104A25B2A86B4DC00F5D12D /* SceneDelegate.swift in Sources */,
				3104A2892A86C22800F5D12D /* CalendarCell.swift in Sources */,
			);
			runOnlyForDeploymentPostprocessing = 0;
		};
		3104A2672A86B4DD00F5D12D /* Sources */ = {
			isa = PBXSourcesBuildPhase;
			buildActionMask = 2147483647;
			files = (
				3104A2702A86B4DD00F5D12D /* Assignment4Tests.swift in Sources */,
			);
			runOnlyForDeploymentPostprocessing = 0;
		};
		3104A2712A86B4DD00F5D12D /* Sources */ = {
			isa = PBXSourcesBuildPhase;
			buildActionMask = 2147483647;
			files = (
				3104A27C2A86B4DD00F5D12D /* Assignment4UITestsLaunchTests.swift in Sources */,
				3104A27A2A86B4DD00F5D12D /* Assignment4UITests.swift in Sources */,
			);
			runOnlyForDeploymentPostprocessing = 0;
		};
/* End PBXSourcesBuildPhase section */

/* Begin PBXTargetDependency section */
		3104A26D2A86B4DD00F5D12D /* PBXTargetDependency */ = {
			isa = PBXTargetDependency;
			target = 3104A2542A86B4DC00F5D12D /* Assignment4 */;
			targetProxy = 3104A26C2A86B4DD00F5D12D /* PBXContainerItemProxy */;
		};
		3104A2772A86B4DD00F5D12D /* PBXTargetDependency */ = {
			isa = PBXTargetDependency;
			target = 3104A2542A86B4DC00F5D12D /* Assignment4 */;
			targetProxy = 3104A2762A86B4DD00F5D12D /* PBXContainerItemProxy */;
		};
/* End PBXTargetDependency section */

/* Begin PBXVariantGroup section */
		3104A25E2A86B4DC00F5D12D /* Main.storyboard */ = {
			isa = PBXVariantGroup;
			children = (
				3104A25F2A86B4DC00F5D12D /* Base */,
			);
			name = Main.storyboard;
			sourceTree = "<group>";
		};
		3104A2632A86B4DD00F5D12D /* LaunchScreen.storyboard */ = {
			isa = PBXVariantGroup;
			children = (
				3104A2642A86B4DD00F5D12D /* Base */,
			);
			name = LaunchScreen.storyboard;
			sourceTree = "<group>";
		};
/* End PBXVariantGroup section */

/* Begin XCBuildConfiguration section */
		3104A27D2A86B4DD00F5D12D /* Debug */ = {
			isa = XCBuildConfiguration;
			buildSettings = {
				ALWAYS_SEARCH_USER_PATHS = NO;
				CLANG_ANALYZER_NONNULL = YES;
				CLANG_ANALYZER_NUMBER_OBJECT_CONVERSION = YES_AGGRESSIVE;
				CLANG_CXX_LANGUAGE_STANDARD = "gnu++20";
				CLANG_ENABLE_MODULES = YES;
				CLANG_ENABLE_OBJC_ARC = YES;
				CLANG_ENABLE_OBJC_WEAK = YES;
				CLANG_WARN_BLOCK_CAPTURE_AUTORELEASING = YES;
				CLANG_WARN_BOOL_CONVERSION = YES;
				CLANG_WARN_COMMA = YES;
				CLANG_WARN_CONSTANT_CONVERSION = YES;
				CLANG_WARN_DEPRECATED_OBJC_IMPLEMENTATIONS = YES;
				CLANG_WARN_DIRECT_OBJC_ISA_USAGE = YES_ERROR;
				CLANG_WARN_DOCUMENTATION_COMMENTS = YES;
				CLANG_WARN_EMPTY_BODY = YES;
				CLANG_WARN_ENUM_CONVERSION = YES;
				CLANG_WARN_INFINITE_RECURSION = YES;
				CLANG_WARN_INT_CONVERSION = YES;
				CLANG_WARN_NON_LITERAL_NULL_CONVERSION = YES;
				CLANG_WARN_OBJC_IMPLICIT_RETAIN_SELF = YES;
				CLANG_WARN_OBJC_LITERAL_CONVERSION = YES;
				CLANG_WARN_OBJC_ROOT_CLASS = YES_ERROR;
				CLANG_WARN_QUOTED_INCLUDE_IN_FRAMEWORK_HEADER = YES;
				CLANG_WARN_RANGE_LOOP_ANALYSIS = YES;
				CLANG_WARN_STRICT_PROTOTYPES = YES;
				CLANG_WARN_SUSPICIOUS_MOVE = YES;
				CLANG_WARN_UNGUARDED_AVAILABILITY = YES_AGGRESSIVE;
				CLANG_WARN_UNREACHABLE_CODE = YES;
				CLANG_WARN__DUPLICATE_METHOD_MATCH = YES;
				COPY_PHASE_STRIP = NO;
				DEBUG_INFORMATION_FORMAT = dwarf;
				ENABLE_STRICT_OBJC_MSGSEND = YES;
				ENABLE_TESTABILITY = YES;
				GCC_C_LANGUAGE_STANDARD = gnu11;
				GCC_DYNAMIC_NO_PIC = NO;
				GCC_NO_COMMON_BLOCKS = YES;
				GCC_OPTIMIZATION_LEVEL = 0;
				GCC_PREPROCESSOR_DEFINITIONS = (
					"DEBUG=1",
					"$(inherited)",
				);
				GCC_WARN_64_TO_32_BIT_CONVERSION = YES;
				GCC_WARN_ABOUT_RETURN_TYPE = YES_ERROR;
				GCC_WARN_UNDECLARED_SELECTOR = YES;
				GCC_WARN_UNINITIALIZED_AUTOS = YES_AGGRESSIVE;
				GCC_WARN_UNUSED_FUNCTION = YES;
				GCC_WARN_UNUSED_VARIABLE = YES;
				IPHONEOS_DEPLOYMENT_TARGET = 16.2;
				MTL_ENABLE_DEBUG_INFO = INCLUDE_SOURCE;
				MTL_FAST_MATH = YES;
				ONLY_ACTIVE_ARCH = YES;
				SDKROOT = iphoneos;
				SWIFT_ACTIVE_COMPILATION_CONDITIONS = DEBUG;
				SWIFT_OPTIMIZATION_LEVEL = "-Onone";
			};
			name = Debug;
		};
		3104A27E2A86B4DD00F5D12D /* Release */ = {
			isa = XCBuildConfiguration;
			buildSettings = {
				ALWAYS_SEARCH_USER_PATHS = NO;
				CLANG_ANALYZER_NONNULL = YES;
				CLANG_ANALYZER_NUMBER_OBJECT_CONVERSION = YES_AGGRESSIVE;
				CLANG_CXX_LANGUAGE_STANDARD = "gnu++20";
				CLANG_ENABLE_MODULES = YES;
				CLANG_ENABLE_OBJC_ARC = YES;
				CLANG_ENABLE_OBJC_WEAK = YES;
				CLANG_WARN_BLOCK_CAPTURE_AUTORELEASING = YES;
				CLANG_WARN_BOOL_CONVERSION = YES;
				CLANG_WARN_COMMA = YES;
				CLANG_WARN_CONSTANT_CONVERSION = YES;
				CLANG_WARN_DEPRECATED_OBJC_IMPLEMENTATIONS = YES;
				CLANG_WARN_DIRECT_OBJC_ISA_USAGE = YES_ERROR;
				CLANG_WARN_DOCUMENTATION_COMMENTS = YES;
				CLANG_WARN_EMPTY_BODY = YES;
				CLANG_WARN_ENUM_CONVERSION = YES;
				CLANG_WARN_INFINITE_RECURSION = YES;
				CLANG_WARN_INT_CONVERSION = YES;
				CLANG_WARN_NON_LITERAL_NULL_CONVERSION = YES;
				CLANG_WARN_OBJC_IMPLICIT_RETAIN_SELF = YES;
				CLANG_WARN_OBJC_LITERAL_CONVERSION = YES;
				CLANG_WARN_OBJC_ROOT_CLASS = YES_ERROR;
				CLANG_WARN_QUOTED_INCLUDE_IN_FRAMEWORK_HEADER = YES;
				CLANG_WARN_RANGE_LOOP_ANALYSIS = YES;
				CLANG_WARN_STRICT_PROTOTYPES = YES;
				CLANG_WARN_SUSPICIOUS_MOVE = YES;
				CLANG_WARN_UNGUARDED_AVAILABILITY = YES_AGGRESSIVE;
				CLANG_WARN_UNREACHABLE_CODE = YES;
				CLANG_WARN__DUPLICATE_METHOD_MATCH = YES;
				COPY_PHASE_STRIP = NO;
				DEBUG_INFORMATION_FORMAT = "dwarf-with-dsym";
				ENABLE_NS_ASSERTIONS = NO;
				ENABLE_STRICT_OBJC_MSGSEND = YES;
				GCC_C_LANGUAGE_STANDARD = gnu11;
				GCC_NO_COMMON_BLOCKS = YES;
				GCC_WARN_64_TO_32_BIT_CONVERSION = YES;
				GCC_WARN_ABOUT_RETURN_TYPE = YES_ERROR;
				GCC_WARN_UNDECLARED_SELECTOR = YES;
				GCC_WARN_UNINITIALIZED_AUTOS = YES_AGGRESSIVE;
				GCC_WARN_UNUSED_FUNCTION = YES;
				GCC_WARN_UNUSED_VARIABLE = YES;
				IPHONEOS_DEPLOYMENT_TARGET = 16.2;
				MTL_ENABLE_DEBUG_INFO = NO;
				MTL_FAST_MATH = YES;
				SDKROOT = iphoneos;
				SWIFT_COMPILATION_MODE = wholemodule;
				SWIFT_OPTIMIZATION_LEVEL = "-O";
				VALIDATE_PRODUCT = YES;
			};
			name = Release;
		};
		3104A2802A86B4DD00F5D12D /* Debug */ = {
			isa = XCBuildConfiguration;
			buildSettings = {
				ASSETCATALOG_COMPILER_APPICON_NAME = AppIcon;
				ASSETCATALOG_COMPILER_GLOBAL_ACCENT_COLOR_NAME = AccentColor;
				CODE_SIGN_STYLE = Automatic;
				CURRENT_PROJECT_VERSION = 1;
				GENERATE_INFOPLIST_FILE = YES;
				INFOPLIST_FILE = Assignment4/Info.plist;
				INFOPLIST_KEY_UIApplicationSupportsIndirectInputEvents = YES;
				INFOPLIST_KEY_UILaunchStoryboardName = LaunchScreen;
				INFOPLIST_KEY_UIMainStoryboardFile = Main;
				INFOPLIST_KEY_UISupportedInterfaceOrientations_iPad = "UIInterfaceOrientationPortrait UIInterfaceOrientationPortraitUpsideDown UIInterfaceOrientationLandscapeLeft UIInterfaceOrientationLandscapeRight";
				INFOPLIST_KEY_UISupportedInterfaceOrientations_iPhone = "UIInterfaceOrientationPortrait UIInterfaceOrientationLandscapeLeft UIInterfaceOrientationLandscapeRight";
				LD_RUNPATH_SEARCH_PATHS = (
					"$(inherited)",
					"@executable_path/Frameworks",
				);
				MARKETING_VERSION = 1.0;
				PRODUCT_BUNDLE_IDENTIFIER = Neeraj.Assignment4;
				PRODUCT_NAME = "$(TARGET_NAME)";
				SWIFT_EMIT_LOC_STRINGS = YES;
				SWIFT_VERSION = 5.0;
				TARGETED_DEVICE_FAMILY = "1,2";
			};
			name = Debug;
		};
		3104A2812A86B4DD00F5D12D /* Release */ = {
			isa = XCBuildConfiguration;
			buildSettings = {
				ASSETCATALOG_COMPILER_APPICON_NAME = AppIcon;
				ASSETCATALOG_COMPILER_GLOBAL_ACCENT_COLOR_NAME = AccentColor;
				CODE_SIGN_STYLE = Automatic;
				CURRENT_PROJECT_VERSION = 1;
				GENERATE_INFOPLIST_FILE = YES;
				INFOPLIST_FILE = Assignment4/Info.plist;
				INFOPLIST_KEY_UIApplicationSupportsIndirectInputEvents = YES;
				INFOPLIST_KEY_UILaunchStoryboardName = LaunchScreen;
				INFOPLIST_KEY_UIMainStoryboardFile = Main;
				INFOPLIST_KEY_UISupportedInterfaceOrientations_iPad = "UIInterfaceOrientationPortrait UIInterfaceOrientationPortraitUpsideDown UIInterfaceOrientationLandscapeLeft UIInterfaceOrientationLandscapeRight";
				INFOPLIST_KEY_UISupportedInterfaceOrientations_iPhone = "UIInterfaceOrientationPortrait UIInterfaceOrientationLandscapeLeft UIInterfaceOrientationLandscapeRight";
				LD_RUNPATH_SEARCH_PATHS = (
					"$(inherited)",
					"@executable_path/Frameworks",
				);
				MARKETING_VERSION = 1.0;
				PRODUCT_BUNDLE_IDENTIFIER = Neeraj.Assignment4;
				PRODUCT_NAME = "$(TARGET_NAME)";
				SWIFT_EMIT_LOC_STRINGS = YES;
				SWIFT_VERSION = 5.0;
				TARGETED_DEVICE_FAMILY = "1,2";
			};
			name = Release;
		};
		3104A2832A86B4DD00F5D12D /* Debug */ = {
			isa = XCBuildConfiguration;
			buildSettings = {
				ALWAYS_EMBED_SWIFT_STANDARD_LIBRARIES = YES;
				BUNDLE_LOADER = "$(TEST_HOST)";
				CODE_SIGN_STYLE = Automatic;
				CURRENT_PROJECT_VERSION = 1;
				GENERATE_INFOPLIST_FILE = YES;
				IPHONEOS_DEPLOYMENT_TARGET = 16.2;
				MARKETING_VERSION = 1.0;
				PRODUCT_BUNDLE_IDENTIFIER = Neeraj.Assignment4Tests;
				PRODUCT_NAME = "$(TARGET_NAME)";
				SWIFT_EMIT_LOC_STRINGS = NO;
				SWIFT_VERSION = 5.0;
				TARGETED_DEVICE_FAMILY = "1,2";
				TEST_HOST = "$(BUILT_PRODUCTS_DIR)/Assignment4.app/$(BUNDLE_EXECUTABLE_FOLDER_PATH)/Assignment4";
			};
			name = Debug;
		};
		3104A2842A86B4DD00F5D12D /* Release */ = {
			isa = XCBuildConfiguration;
			buildSettings = {
				ALWAYS_EMBED_SWIFT_STANDARD_LIBRARIES = YES;
				BUNDLE_LOADER = "$(TEST_HOST)";
				CODE_SIGN_STYLE = Automatic;
				CURRENT_PROJECT_VERSION = 1;
				GENERATE_INFOPLIST_FILE = YES;
				IPHONEOS_DEPLOYMENT_TARGET = 16.2;
				MARKETING_VERSION = 1.0;
				PRODUCT_BUNDLE_IDENTIFIER = Neeraj.Assignment4Tests;
				PRODUCT_NAME = "$(TARGET_NAME)";
				SWIFT_EMIT_LOC_STRINGS = NO;
				SWIFT_VERSION = 5.0;
				TARGETED_DEVICE_FAMILY = "1,2";
				TEST_HOST = "$(BUILT_PRODUCTS_DIR)/Assignment4.app/$(BUNDLE_EXECUTABLE_FOLDER_PATH)/Assignment4";
			};
			name = Release;
		};
		3104A2862A86B4DD00F5D12D /* Debug */ = {
			isa = XCBuildConfiguration;
			buildSettings = {
				ALWAYS_EMBED_SWIFT_STANDARD_LIBRARIES = YES;
				CODE_SIGN_STYLE = Automatic;
				CURRENT_PROJECT_VERSION = 1;
				GENERATE_INFOPLIST_FILE = YES;
				MARKETING_VERSION = 1.0;
				PRODUCT_BUNDLE_IDENTIFIER = Neeraj.Assignment4UITests;
				PRODUCT_NAME = "$(TARGET_NAME)";
				SWIFT_EMIT_LOC_STRINGS = NO;
				SWIFT_VERSION = 5.0;
				TARGETED_DEVICE_FAMILY = "1,2";
				TEST_TARGET_NAME = Assignment4;
			};
			name = Debug;
		};
		3104A2872A86B4DD00F5D12D /* Release */ = {
			isa = XCBuildConfiguration;
			buildSettings = {
				ALWAYS_EMBED_SWIFT_STANDARD_LIBRARIES = YES;
				CODE_SIGN_STYLE = Automatic;
				CURRENT_PROJECT_VERSION = 1;
				GENERATE_INFOPLIST_FILE = YES;
				MARKETING_VERSION = 1.0;
				PRODUCT_BUNDLE_IDENTIFIER = Neeraj.Assignment4UITests;
				PRODUCT_NAME = "$(TARGET_NAME)";
				SWIFT_EMIT_LOC_STRINGS = NO;
				SWIFT_VERSION = 5.0;
				TARGETED_DEVICE_FAMILY = "1,2";
				TEST_TARGET_NAME = Assignment4;
			};
			name = Release;
		};
/* End XCBuildConfiguration section */

/* Begin XCConfigurationList section */
		3104A2502A86B4DC00F5D12D /* Build configuration list for PBXProject "Assignment4" */ = {
			isa = XCConfigurationList;
			buildConfigurations = (
				3104A27D2A86B4DD00F5D12D /* Debug */,
				3104A27E2A86B4DD00F5D12D /* Release */,
			);
			defaultConfigurationIsVisible = 0;
			defaultConfigurationName = Release;
		};
		3104A27F2A86B4DD00F5D12D /* Build configuration list for PBXNativeTarget "Assignment4" */ = {
			isa = XCConfigurationList;
			buildConfigurations = (
				3104A2802A86B4DD00F5D12D /* Debug */,
				3104A2812A86B4DD00F5D12D /* Release */,
			);
			defaultConfigurationIsVisible = 0;
			defaultConfigurationName = Release;
		};
		3104A2822A86B4DD00F5D12D /* Build configuration list for PBXNativeTarget "Assignment4Tests" */ = {
			isa = XCConfigurationList;
			buildConfigurations = (
				3104A2832A86B4DD00F5D12D /* Debug */,
				3104A2842A86B4DD00F5D12D /* Release */,
			);
			defaultConfigurationIsVisible = 0;
			defaultConfigurationName = Release;
		};
		3104A2852A86B4DD00F5D12D /* Build configuration list for PBXNativeTarget "Assignment4UITests" */ = {
			isa = XCConfigurationList;
			buildConfigurations = (
				3104A2862A86B4DD00F5D12D /* Debug */,
				3104A2872A86B4DD00F5D12D /* Release */,
			);
			defaultConfigurationIsVisible = 0;
			defaultConfigurationName = Release;
		};
/* End XCConfigurationList section */
	};
	rootObject = 3104A24D2A86B4DC00F5D12D /* Project object */;
}
